
Microsoft Visual Studio Solution File, Format Version 12.00
# Visual Studio Version 17
VisualStudioVersion = 17.10.34916.146
MinimumVisualStudioVersion = 10.0.40219.1
Project("{FAE04EC0-301F-11D3-BF4B-00C04F79EFBC}") = "ChainOfResponsibility", "ChainOfResponsibility\ChainOfResponsibility.csproj", "{866C5513-61F2-4832-9B2E-D37924A74859}"
EndProject
Global
	GlobalSection(SolutionConfigurationPlatforms) = preSolution
		Debug|Any CPU = Debug|Any CPU
		Release|Any CPU = Release|Any CPU
	EndGlobalSection
	GlobalSection(ProjectConfigurationPlatforms) = postSolution
		{866C5513-61F2-4832-9B2E-D37924A74859}.Debug|Any CPU.ActiveCfg = Debug|Any CPU
		{866C5513-61F2-4832-9B2E-D37924A74859}.Debug|Any CPU.Build.0 = Debug|Any CPU
		{866C5513-61F2-4832-9B2E-D37924A74859}.Release|Any CPU.ActiveCfg = Release|Any CPU
		{866C5513-61F2-4832-9B2E-D37924A74859}.Release|Any CPU.Build.0 = Release|Any CPU
	EndGlobalSection
	GlobalSection(SolutionProperties) = preSolution
		HideSolutionNode = FALSE
	EndGlobalSection
	GlobalSection(ExtensibilityGlobals) = postSolution
		SolutionGuid = {CEAAAE29-DAB6-4651-B459-32DA2944D780}
	EndGlobalSection
EndGlobal
