
Microsoft Visual Studio Solution File, Format Version 12.00
# Visual Studio Version 17
VisualStudioVersion = 17.8.34525.116
MinimumVisualStudioVersion = 10.0.40219.1
Project("{FAE04EC0-301F-11D3-BF4B-00C04F79EFBC}") = "AbstractFactoryWithDIAndDecorator", "AbstractFactoryWithDIAndDecorator\AbstractFactoryWithDIAndDecorator.csproj", "{BA4E6315-BFAF-4479-956D-03463418E5D2}"
EndProject
Global
	GlobalSection(SolutionConfigurationPlatforms) = preSolution
		Debug|Any CPU = Debug|Any CPU
		Release|Any CPU = Release|Any CPU
	EndGlobalSection
	GlobalSection(ProjectConfigurationPlatforms) = postSolution
		{BA4E6315-BFAF-4479-956D-03463418E5D2}.Debug|Any CPU.ActiveCfg = Debug|Any CPU
		{BA4E6315-BFAF-4479-956D-03463418E5D2}.Debug|Any CPU.Build.0 = Debug|Any CPU
		{BA4E6315-BFAF-4479-956D-03463418E5D2}.Release|Any CPU.ActiveCfg = Release|Any CPU
		{BA4E6315-BFAF-4479-956D-03463418E5D2}.Release|Any CPU.Build.0 = Release|Any CPU
	EndGlobalSection
	GlobalSection(SolutionProperties) = preSolution
		HideSolutionNode = FALSE
	EndGlobalSection
	GlobalSection(ExtensibilityGlobals) = postSolution
		SolutionGuid = {316C42F2-889E-4331-8786-958B61D2BAE7}
	EndGlobalSection
EndGlobal
